
Microsoft Visual Studio Solution File, Format Version 12.00
# Visual Studio Version 16
VisualStudioVersion = 16.0.31313.79
MinimumVisualStudioVersion = 10.0.40219.1
Project("{9A19103F-16F7-4668-BE54-9A1E7A4F7556}") = "RedeSocialApi", "RedeSocialApi\RedeSocialApi.csproj", "{3D4EF24B-C05D-440D-B1EE-37CD641D63D5}"
EndProject
Project("{9A19103F-16F7-4668-BE54-9A1E7A4F7556}") = "RedeSocialCore", "RedeSocialCore\RedeSocialCore.csproj", "{97626D58-850A-42E0-8A9F-7918A0AFEAF5}"
EndProject
Project("{FAE04EC0-301F-11D3-BF4B-00C04F79EFBC}") = "RedeSocialCli", "RedeSocialCli\RedeSocialCli.csproj", "{515C4A61-FAFB-4A61-860E-34396570A5D7}"
EndProject
Project("{FAE04EC0-301F-11D3-BF4B-00C04F79EFBC}") = "RedeSocialData", "RedeSocialData\RedeSocialData.csproj", "{13A83875-0282-4A81-B5FC-DA7C6CBE41F9}"
EndProject
Global
	GlobalSection(SolutionConfigurationPlatforms) = preSolution
		Debug|Any CPU = Debug|Any CPU
		Release|Any CPU = Release|Any CPU
	EndGlobalSection
	GlobalSection(ProjectConfigurationPlatforms) = postSolution
		{3D4EF24B-C05D-440D-B1EE-37CD641D63D5}.Debug|Any CPU.ActiveCfg = Debug|Any CPU
		{3D4EF24B-C05D-440D-B1EE-37CD641D63D5}.Debug|Any CPU.Build.0 = Debug|Any CPU
		{3D4EF24B-C05D-440D-B1EE-37CD641D63D5}.Release|Any CPU.ActiveCfg = Release|Any CPU
		{3D4EF24B-C05D-440D-B1EE-37CD641D63D5}.Release|Any CPU.Build.0 = Release|Any CPU
		{97626D58-850A-42E0-8A9F-7918A0AFEAF5}.Debug|Any CPU.ActiveCfg = Debug|Any CPU
		{97626D58-850A-42E0-8A9F-7918A0AFEAF5}.Debug|Any CPU.Build.0 = Debug|Any CPU
		{97626D58-850A-42E0-8A9F-7918A0AFEAF5}.Release|Any CPU.ActiveCfg = Release|Any CPU
		{97626D58-850A-42E0-8A9F-7918A0AFEAF5}.Release|Any CPU.Build.0 = Release|Any CPU
		{515C4A61-FAFB-4A61-860E-34396570A5D7}.Debug|Any CPU.ActiveCfg = Debug|Any CPU
		{515C4A61-FAFB-4A61-860E-34396570A5D7}.Debug|Any CPU.Build.0 = Debug|Any CPU
		{515C4A61-FAFB-4A61-860E-34396570A5D7}.Release|Any CPU.ActiveCfg = Release|Any CPU
		{515C4A61-FAFB-4A61-860E-34396570A5D7}.Release|Any CPU.Build.0 = Release|Any CPU
		{13A83875-0282-4A81-B5FC-DA7C6CBE41F9}.Debug|Any CPU.ActiveCfg = Debug|Any CPU
		{13A83875-0282-4A81-B5FC-DA7C6CBE41F9}.Debug|Any CPU.Build.0 = Debug|Any CPU
		{13A83875-0282-4A81-B5FC-DA7C6CBE41F9}.Release|Any CPU.ActiveCfg = Release|Any CPU
		{13A83875-0282-4A81-B5FC-DA7C6CBE41F9}.Release|Any CPU.Build.0 = Release|Any CPU
	EndGlobalSection
	GlobalSection(SolutionProperties) = preSolution
		HideSolutionNode = FALSE
	EndGlobalSection
	GlobalSection(ExtensibilityGlobals) = postSolution
		SolutionGuid = {FC48C10A-E533-4EED-9286-7AA3F23A300B}
	EndGlobalSection
EndGlobal
